// !$*UTF8*$!
{
	archiveVersion = 1;
	classes = {
	};
	objectVersion = 55;
	objects = {

/* Begin PBXBuildFile section */
		EF906796279A5BBE003B9E75 /* AppDelegate.swift in Sources */ = {isa = PBXBuildFile; fileRef = EF906795279A5BBE003B9E75 /* AppDelegate.swift */; };
		EF906798279A5BBE003B9E75 /* SceneDelegate.swift in Sources */ = {isa = PBXBuildFile; fileRef = EF906797279A5BBE003B9E75 /* SceneDelegate.swift */; };
		EF90679A279A5BBE003B9E75 /* ViewController.swift in Sources */ = {isa = PBXBuildFile; fileRef = EF906799279A5BBE003B9E75 /* ViewController.swift */; };
		EF90679D279A5BBE003B9E75 /* Main.storyboard in Resources */ = {isa = PBXBuildFile; fileRef = EF90679B279A5BBE003B9E75 /* Main.storyboard */; };
		EF90679F279A5BBF003B9E75 /* Assets.xcassets in Resources */ = {isa = PBXBuildFile; fileRef = EF90679E279A5BBF003B9E75 /* Assets.xcassets */; };
		EF9067A2279A5BBF003B9E75 /* LaunchScreen.storyboard in Resources */ = {isa = PBXBuildFile; fileRef = EF9067A0279A5BBF003B9E75 /* LaunchScreen.storyboard */; };
		EF9067AD279A5BBF003B9E75 /* StandardCombineTests.swift in Sources */ = {isa = PBXBuildFile; fileRef = EF9067AC279A5BBF003B9E75 /* StandardCombineTests.swift */; };
		EF9067B7279A5BBF003B9E75 /* StandardCombineUITests.swift in Sources */ = {isa = PBXBuildFile; fileRef = EF9067B6279A5BBF003B9E75 /* StandardCombineUITests.swift */; };
		EF9067B9279A5BBF003B9E75 /* StandardCombineUITestsLaunchTests.swift in Sources */ = {isa = PBXBuildFile; fileRef = EF9067B8279A5BBF003B9E75 /* StandardCombineUITestsLaunchTests.swift */; };
/* End PBXBuildFile section */

/* Begin PBXContainerItemProxy section */
		EF9067A9279A5BBF003B9E75 /* PBXContainerItemProxy */ = {
			isa = PBXContainerItemProxy;
			containerPortal = EF90678A279A5BBE003B9E75 /* Project object */;
			proxyType = 1;
			remoteGlobalIDString = EF906791279A5BBE003B9E75;
			remoteInfo = StandardCombine;
		};
		EF9067B3279A5BBF003B9E75 /* PBXContainerItemProxy */ = {
			isa = PBXContainerItemProxy;
			containerPortal = EF90678A279A5BBE003B9E75 /* Project object */;
			proxyType = 1;
			remoteGlobalIDString = EF906791279A5BBE003B9E75;
			remoteInfo = StandardCombine;
		};
/* End PBXContainerItemProxy section */

/* Begin PBXFileReference section */
		EF906792279A5BBE003B9E75 /* StandardCombine.app */ = {isa = PBXFileReference; explicitFileType = wrapper.application; includeInIndex = 0; path = StandardCombine.app; sourceTree = BUILT_PRODUCTS_DIR; };
		EF906795279A5BBE003B9E75 /* AppDelegate.swift */ = {isa = PBXFileReference; lastKnownFileType = sourcecode.swift; path = AppDelegate.swift; sourceTree = "<group>"; };
		EF906797279A5BBE003B9E75 /* SceneDelegate.swift */ = {isa = PBXFileReference; lastKnownFileType = sourcecode.swift; path = SceneDelegate.swift; sourceTree = "<group>"; };
		EF906799279A5BBE003B9E75 /* ViewController.swift */ = {isa = PBXFileReference; lastKnownFileType = sourcecode.swift; path = ViewController.swift; sourceTree = "<group>"; };
		EF90679C279A5BBE003B9E75 /* Base */ = {isa = PBXFileReference; lastKnownFileType = file.storyboard; name = Base; path = Base.lproj/Main.storyboard; sourceTree = "<group>"; };
		EF90679E279A5BBF003B9E75 /* Assets.xcassets */ = {isa = PBXFileReference; lastKnownFileType = folder.assetcatalog; path = Assets.xcassets; sourceTree = "<group>"; };
		EF9067A1279A5BBF003B9E75 /* Base */ = {isa = PBXFileReference; lastKnownFileType = file.storyboard; name = Base; path = Base.lproj/LaunchScreen.storyboard; sourceTree = "<group>"; };
		EF9067A3279A5BBF003B9E75 /* Info.plist */ = {isa = PBXFileReference; lastKnownFileType = text.plist.xml; path = Info.plist; sourceTree = "<group>"; };
		EF9067A8279A5BBF003B9E75 /* StandardCombineTests.xctest */ = {isa = PBXFileReference; explicitFileType = wrapper.cfbundle; includeInIndex = 0; path = StandardCombineTests.xctest; sourceTree = BUILT_PRODUCTS_DIR; };
		EF9067AC279A5BBF003B9E75 /* StandardCombineTests.swift */ = {isa = PBXFileReference; lastKnownFileType = sourcecode.swift; path = StandardCombineTests.swift; sourceTree = "<group>"; };
		EF9067B2279A5BBF003B9E75 /* StandardCombineUITests.xctest */ = {isa = PBXFileReference; explicitFileType = wrapper.cfbundle; includeInIndex = 0; path = StandardCombineUITests.xctest; sourceTree = BUILT_PRODUCTS_DIR; };
		EF9067B6279A5BBF003B9E75 /* StandardCombineUITests.swift */ = {isa = PBXFileReference; lastKnownFileType = sourcecode.swift; path = StandardCombineUITests.swift; sourceTree = "<group>"; };
		EF9067B8279A5BBF003B9E75 /* StandardCombineUITestsLaunchTests.swift */ = {isa = PBXFileReference; lastKnownFileType = sourcecode.swift; path = StandardCombineUITestsLaunchTests.swift; sourceTree = "<group>"; };
/* End PBXFileReference section */

/* Begin PBXFrameworksBuildPhase section */
		EF90678F279A5BBE003B9E75 /* Frameworks */ = {
			isa = PBXFrameworksBuildPhase;
			buildActionMask = 2147483647;
			files = (
			);
			runOnlyForDeploymentPostprocessing = 0;
		};
		EF9067A5279A5BBF003B9E75 /* Frameworks */ = {
			isa = PBXFrameworksBuildPhase;
			buildActionMask = 2147483647;
			files = (
			);
			runOnlyForDeploymentPostprocessing = 0;
		};
		EF9067AF279A5BBF003B9E75 /* Frameworks */ = {
			isa = PBXFrameworksBuildPhase;
			buildActionMask = 2147483647;
			files = (
			);
			runOnlyForDeploymentPostprocessing = 0;
		};
/* End PBXFrameworksBuildPhase section */

/* Begin PBXGroup section */
		EF906789279A5BBE003B9E75 = {
			isa = PBXGroup;
			children = (
				EF906794279A5BBE003B9E75 /* StandardCombine */,
				EF9067AB279A5BBF003B9E75 /* StandardCombineTests */,
				EF9067B5279A5BBF003B9E75 /* StandardCombineUITests */,
				EF906793279A5BBE003B9E75 /* Products */,
			);
			sourceTree = "<group>";
		};
		EF906793279A5BBE003B9E75 /* Products */ = {
			isa = PBXGroup;
			children = (
				EF906792279A5BBE003B9E75 /* StandardCombine.app */,
				EF9067A8279A5BBF003B9E75 /* StandardCombineTests.xctest */,
				EF9067B2279A5BBF003B9E75 /* StandardCombineUITests.xctest */,
			);
			name = Products;
			sourceTree = "<group>";
		};
		EF906794279A5BBE003B9E75 /* StandardCombine */ = {
			isa = PBXGroup;
			children = (
				EF906795279A5BBE003B9E75 /* AppDelegate.swift */,
				EF906797279A5BBE003B9E75 /* SceneDelegate.swift */,
				EF906799279A5BBE003B9E75 /* ViewController.swift */,
				EF90679B279A5BBE003B9E75 /* Main.storyboard */,
				EF90679E279A5BBF003B9E75 /* Assets.xcassets */,
				EF9067A0279A5BBF003B9E75 /* LaunchScreen.storyboard */,
				EF9067A3279A5BBF003B9E75 /* Info.plist */,
			);
			path = StandardCombine;
			sourceTree = "<group>";
		};
		EF9067AB279A5BBF003B9E75 /* StandardCombineTests */ = {
			isa = PBXGroup;
			children = (
				EF9067AC279A5BBF003B9E75 /* StandardCombineTests.swift */,
			);
			path = StandardCombineTests;
			sourceTree = "<group>";
		};
		EF9067B5279A5BBF003B9E75 /* StandardCombineUITests */ = {
			isa = PBXGroup;
			children = (
				EF9067B6279A5BBF003B9E75 /* StandardCombineUITests.swift */,
				EF9067B8279A5BBF003B9E75 /* StandardCombineUITestsLaunchTests.swift */,
			);
			path = StandardCombineUITests;
			sourceTree = "<group>";
		};
/* End PBXGroup section */

/* Begin PBXNativeTarget section */
		EF906791279A5BBE003B9E75 /* StandardCombine */ = {
			isa = PBXNativeTarget;
			buildConfigurationList = EF9067BC279A5BBF003B9E75 /* Build configuration list for PBXNativeTarget "StandardCombine" */;
			buildPhases = (
				EF90678E279A5BBE003B9E75 /* Sources */,
				EF90678F279A5BBE003B9E75 /* Frameworks */,
				EF906790279A5BBE003B9E75 /* Resources */,
			);
			buildRules = (
			);
			dependencies = (
			);
			name = StandardCombine;
			productName = StandardCombine;
			productReference = EF906792279A5BBE003B9E75 /* StandardCombine.app */;
			productType = "com.apple.product-type.application";
		};
		EF9067A7279A5BBF003B9E75 /* StandardCombineTests */ = {
			isa = PBXNativeTarget;
			buildConfigurationList = EF9067BF279A5BBF003B9E75 /* Build configuration list for PBXNativeTarget "StandardCombineTests" */;
			buildPhases = (
				EF9067A4279A5BBF003B9E75 /* Sources */,
				EF9067A5279A5BBF003B9E75 /* Frameworks */,
				EF9067A6279A5BBF003B9E75 /* Resources */,
			);
			buildRules = (
			);
			dependencies = (
				EF9067AA279A5BBF003B9E75 /* PBXTargetDependency */,
			);
			name = StandardCombineTests;
			productName = StandardCombineTests;
			productReference = EF9067A8279A5BBF003B9E75 /* StandardCombineTests.xctest */;
			productType = "com.apple.product-type.bundle.unit-test";
		};
		EF9067B1279A5BBF003B9E75 /* StandardCombineUITests */ = {
			isa = PBXNativeTarget;
			buildConfigurationList = EF9067C2279A5BBF003B9E75 /* Build configuration list for PBXNativeTarget "StandardCombineUITests" */;
			buildPhases = (
				EF9067AE279A5BBF003B9E75 /* Sources */,
				EF9067AF279A5BBF003B9E75 /* Frameworks */,
				EF9067B0279A5BBF003B9E75 /* Resources */,
			);
			buildRules = (
			);
			dependencies = (
				EF9067B4279A5BBF003B9E75 /* PBXTargetDependency */,
			);
			name = StandardCombineUITests;
			productName = StandardCombineUITests;
			productReference = EF9067B2279A5BBF003B9E75 /* StandardCombineUITests.xctest */;
			productType = "com.apple.product-type.bundle.ui-testing";
		};
/* End PBXNativeTarget section */

/* Begin PBXProject section */
		EF90678A279A5BBE003B9E75 /* Project object */ = {
			isa = PBXProject;
			attributes = {
				BuildIndependentTargetsInParallel = 1;
				LastSwiftUpdateCheck = 1320;
				LastUpgradeCheck = 1320;
				TargetAttributes = {
					EF906791279A5BBE003B9E75 = {
						CreatedOnToolsVersion = 13.2.1;
					};
					EF9067A7279A5BBF003B9E75 = {
						CreatedOnToolsVersion = 13.2.1;
						TestTargetID = EF906791279A5BBE003B9E75;
					};
					EF9067B1279A5BBF003B9E75 = {
						CreatedOnToolsVersion = 13.2.1;
						TestTargetID = EF906791279A5BBE003B9E75;
					};
				};
			};
			buildConfigurationList = EF90678D279A5BBE003B9E75 /* Build configuration list for PBXProject "StandardCombine" */;
			compatibilityVersion = "Xcode 13.0";
			developmentRegion = en;
			hasScannedForEncodings = 0;
			knownRegions = (
				en,
				Base,
			);
			mainGroup = EF906789279A5BBE003B9E75;
			productRefGroup = EF906793279A5BBE003B9E75 /* Products */;
			projectDirPath = "";
			projectRoot = "";
			targets = (
				EF906791279A5BBE003B9E75 /* StandardCombine */,
				EF9067A7279A5BBF003B9E75 /* StandardCombineTests */,
				EF9067B1279A5BBF003B9E75 /* StandardCombineUITests */,
			);
		};
/* End PBXProject section */

/* Begin PBXResourcesBuildPhase section */
		EF906790279A5BBE003B9E75 /* Resources */ = {
			isa = PBXResourcesBuildPhase;
			buildActionMask = 2147483647;
			files = (
				EF9067A2279A5BBF003B9E75 /* LaunchScreen.storyboard in Resources */,
				EF90679F279A5BBF003B9E75 /* Assets.xcassets in Resources */,
				EF90679D279A5BBE003B9E75 /* Main.storyboard in Resources */,
			);
			runOnlyForDeploymentPostprocessing = 0;
		};
		EF9067A6279A5BBF003B9E75 /* Resources */ = {
			isa = PBXResourcesBuildPhase;
			buildActionMask = 2147483647;
			files = (
			);
			runOnlyForDeploymentPostprocessing = 0;
		};
		EF9067B0279A5BBF003B9E75 /* Resources */ = {
			isa = PBXResourcesBuildPhase;
			buildActionMask = 2147483647;
			files = (
			);
			runOnlyForDeploymentPostprocessing = 0;
		};
/* End PBXResourcesBuildPhase section */

/* Begin PBXSourcesBuildPhase section */
		EF90678E279A5BBE003B9E75 /* Sources */ = {
			isa = PBXSourcesBuildPhase;
			buildActionMask = 2147483647;
			files = (
				EF90679A279A5BBE003B9E75 /* ViewController.swift in Sources */,
				EF906796279A5BBE003B9E75 /* AppDelegate.swift in Sources */,
				EF906798279A5BBE003B9E75 /* SceneDelegate.swift in Sources */,
			);
			runOnlyForDeploymentPostprocessing = 0;
		};
		EF9067A4279A5BBF003B9E75 /* Sources */ = {
			isa = PBXSourcesBuildPhase;
			buildActionMask = 2147483647;
			files = (
				EF9067AD279A5BBF003B9E75 /* StandardCombineTests.swift in Sources */,
			);
			runOnlyForDeploymentPostprocessing = 0;
		};
		EF9067AE279A5BBF003B9E75 /* Sources */ = {
			isa = PBXSourcesBuildPhase;
			buildActionMask = 2147483647;
			files = (
				EF9067B7279A5BBF003B9E75 /* StandardCombineUITests.swift in Sources */,
				EF9067B9279A5BBF003B9E75 /* StandardCombineUITestsLaunchTests.swift in Sources */,
			);
			runOnlyForDeploymentPostprocessing = 0;
		};
/* End PBXSourcesBuildPhase section */

/* Begin PBXTargetDependency section */
		EF9067AA279A5BBF003B9E75 /* PBXTargetDependency */ = {
			isa = PBXTargetDependency;
			target = EF906791279A5BBE003B9E75 /* StandardCombine */;
			targetProxy = EF9067A9279A5BBF003B9E75 /* PBXContainerItemProxy */;
		};
		EF9067B4279A5BBF003B9E75 /* PBXTargetDependency */ = {
			isa = PBXTargetDependency;
			target = EF906791279A5BBE003B9E75 /* StandardCombine */;
			targetProxy = EF9067B3279A5BBF003B9E75 /* PBXContainerItemProxy */;
		};
/* End PBXTargetDependency section */

/* Begin PBXVariantGroup section */
		EF90679B279A5BBE003B9E75 /* Main.storyboard */ = {
			isa = PBXVariantGroup;
			children = (
				EF90679C279A5BBE003B9E75 /* Base */,
			);
			name = Main.storyboard;
			sourceTree = "<group>";
		};
		EF9067A0279A5BBF003B9E75 /* LaunchScreen.storyboard */ = {
			isa = PBXVariantGroup;
			children = (
				EF9067A1279A5BBF003B9E75 /* Base */,
			);
			name = LaunchScreen.storyboard;
			sourceTree = "<group>";
		};
/* End PBXVariantGroup section */

/* Begin XCBuildConfiguration section */
		EF9067BA279A5BBF003B9E75 /* Debug */ = {
			isa = XCBuildConfiguration;
			buildSettings = {
				ALWAYS_SEARCH_USER_PATHS = NO;
				CLANG_ANALYZER_NONNULL = YES;
				CLANG_ANALYZER_NUMBER_OBJECT_CONVERSION = YES_AGGRESSIVE;
				CLANG_CXX_LANGUAGE_STANDARD = "gnu++17";
				CLANG_CXX_LIBRARY = "libc++";
				CLANG_ENABLE_MODULES = YES;
				CLANG_ENABLE_OBJC_ARC = YES;
				CLANG_ENABLE_OBJC_WEAK = YES;
				CLANG_WARN_BLOCK_CAPTURE_AUTORELEASING = YES;
				CLANG_WARN_BOOL_CONVERSION = YES;
				CLANG_WARN_COMMA = YES;
				CLANG_WARN_CONSTANT_CONVERSION = YES;
				CLANG_WARN_DEPRECATED_OBJC_IMPLEMENTATIONS = YES;
				CLANG_WARN_DIRECT_OBJC_ISA_USAGE = YES_ERROR;
				CLANG_WARN_DOCUMENTATION_COMMENTS = YES;
				CLANG_WARN_EMPTY_BODY = YES;
				CLANG_WARN_ENUM_CONVERSION = YES;
				CLANG_WARN_INFINITE_RECURSION = YES;
				CLANG_WARN_INT_CONVERSION = YES;
				CLANG_WARN_NON_LITERAL_NULL_CONVERSION = YES;
				CLANG_WARN_OBJC_IMPLICIT_RETAIN_SELF = YES;
				CLANG_WARN_OBJC_LITERAL_CONVERSION = YES;
				CLANG_WARN_OBJC_ROOT_CLASS = YES_ERROR;
				CLANG_WARN_QUOTED_INCLUDE_IN_FRAMEWORK_HEADER = YES;
				CLANG_WARN_RANGE_LOOP_ANALYSIS = YES;
				CLANG_WARN_STRICT_PROTOTYPES = YES;
				CLANG_WARN_SUSPICIOUS_MOVE = YES;
				CLANG_WARN_UNGUARDED_AVAILABILITY = YES_AGGRESSIVE;
				CLANG_WARN_UNREACHABLE_CODE = YES;
				CLANG_WARN__DUPLICATE_METHOD_MATCH = YES;
				COPY_PHASE_STRIP = NO;
				DEBUG_INFORMATION_FORMAT = dwarf;
				ENABLE_STRICT_OBJC_MSGSEND = YES;
				ENABLE_TESTABILITY = YES;
				GCC_C_LANGUAGE_STANDARD = gnu11;
				GCC_DYNAMIC_NO_PIC = NO;
				GCC_NO_COMMON_BLOCKS = YES;
				GCC_OPTIMIZATION_LEVEL = 0;
				GCC_PREPROCESSOR_DEFINITIONS = (
					"DEBUG=1",
					"$(inherited)",
				);
				GCC_WARN_64_TO_32_BIT_CONVERSION = YES;
				GCC_WARN_ABOUT_RETURN_TYPE = YES_ERROR;
				GCC_WARN_UNDECLARED_SELECTOR = YES;
				GCC_WARN_UNINITIALIZED_AUTOS = YES_AGGRESSIVE;
				GCC_WARN_UNUSED_FUNCTION = YES;
				GCC_WARN_UNUSED_VARIABLE = YES;
				IPHONEOS_DEPLOYMENT_TARGET = 15.2;
				MTL_ENABLE_DEBUG_INFO = INCLUDE_SOURCE;
				MTL_FAST_MATH = YES;
				ONLY_ACTIVE_ARCH = YES;
				SDKROOT = iphoneos;
				SWIFT_ACTIVE_COMPILATION_CONDITIONS = DEBUG;
				SWIFT_OPTIMIZATION_LEVEL = "-Onone";
			};
			name = Debug;
		};
		EF9067BB279A5BBF003B9E75 /* Release */ = {
			isa = XCBuildConfiguration;
			buildSettings = {
				ALWAYS_SEARCH_USER_PATHS = NO;
				CLANG_ANALYZER_NONNULL = YES;
				CLANG_ANALYZER_NUMBER_OBJECT_CONVERSION = YES_AGGRESSIVE;
				CLANG_CXX_LANGUAGE_STANDARD = "gnu++17";
				CLANG_CXX_LIBRARY = "libc++";
				CLANG_ENABLE_MODULES = YES;
				CLANG_ENABLE_OBJC_ARC = YES;
				CLANG_ENABLE_OBJC_WEAK = YES;
				CLANG_WARN_BLOCK_CAPTURE_AUTORELEASING = YES;
				CLANG_WARN_BOOL_CONVERSION = YES;
				CLANG_WARN_COMMA = YES;
				CLANG_WARN_CONSTANT_CONVERSION = YES;
				CLANG_WARN_DEPRECATED_OBJC_IMPLEMENTATIONS = YES;
				CLANG_WARN_DIRECT_OBJC_ISA_USAGE = YES_ERROR;
				CLANG_WARN_DOCUMENTATION_COMMENTS = YES;
				CLANG_WARN_EMPTY_BODY = YES;
				CLANG_WARN_ENUM_CONVERSION = YES;
				CLANG_WARN_INFINITE_RECURSION = YES;
				CLANG_WARN_INT_CONVERSION = YES;
				CLANG_WARN_NON_LITERAL_NULL_CONVERSION = YES;
				CLANG_WARN_OBJC_IMPLICIT_RETAIN_SELF = YES;
				CLANG_WARN_OBJC_LITERAL_CONVERSION = YES;
				CLANG_WARN_OBJC_ROOT_CLASS = YES_ERROR;
				CLANG_WARN_QUOTED_INCLUDE_IN_FRAMEWORK_HEADER = YES;
				CLANG_WARN_RANGE_LOOP_ANALYSIS = YES;
				CLANG_WARN_STRICT_PROTOTYPES = YES;
				CLANG_WARN_SUSPICIOUS_MOVE = YES;
				CLANG_WARN_UNGUARDED_AVAILABILITY = YES_AGGRESSIVE;
				CLANG_WARN_UNREACHABLE_CODE = YES;
				CLANG_WARN__DUPLICATE_METHOD_MATCH = YES;
				COPY_PHASE_STRIP = NO;
				DEBUG_INFORMATION_FORMAT = "dwarf-with-dsym";
				ENABLE_NS_ASSERTIONS = NO;
				ENABLE_STRICT_OBJC_MSGSEND = YES;
				GCC_C_LANGUAGE_STANDARD = gnu11;
				GCC_NO_COMMON_BLOCKS = YES;
				GCC_WARN_64_TO_32_BIT_CONVERSION = YES;
				GCC_WARN_ABOUT_RETURN_TYPE = YES_ERROR;
				GCC_WARN_UNDECLARED_SELECTOR = YES;
				GCC_WARN_UNINITIALIZED_AUTOS = YES_AGGRESSIVE;
				GCC_WARN_UNUSED_FUNCTION = YES;
				GCC_WARN_UNUSED_VARIABLE = YES;
				IPHONEOS_DEPLOYMENT_TARGET = 15.2;
				MTL_ENABLE_DEBUG_INFO = NO;
				MTL_FAST_MATH = YES;
				SDKROOT = iphoneos;
				SWIFT_COMPILATION_MODE = wholemodule;
				SWIFT_OPTIMIZATION_LEVEL = "-O";
				VALIDATE_PRODUCT = YES;
			};
			name = Release;
		};
		EF9067BD279A5BBF003B9E75 /* Debug */ = {
			isa = XCBuildConfiguration;
			buildSettings = {
				ASSETCATALOG_COMPILER_APPICON_NAME = AppIcon;
				ASSETCATALOG_COMPILER_GLOBAL_ACCENT_COLOR_NAME = AccentColor;
				CODE_SIGN_STYLE = Automatic;
				CURRENT_PROJECT_VERSION = 1;
				DEVELOPMENT_TEAM = HMB28F9R4H;
				GENERATE_INFOPLIST_FILE = YES;
				INFOPLIST_FILE = StandardCombine/Info.plist;
				INFOPLIST_KEY_UIApplicationSupportsIndirectInputEvents = YES;
				INFOPLIST_KEY_UILaunchStoryboardName = LaunchScreen;
				INFOPLIST_KEY_UIMainStoryboardFile = Main;
				INFOPLIST_KEY_UISupportedInterfaceOrientations_iPad = "UIInterfaceOrientationPortrait UIInterfaceOrientationPortraitUpsideDown UIInterfaceOrientationLandscapeLeft UIInterfaceOrientationLandscapeRight";
				INFOPLIST_KEY_UISupportedInterfaceOrientations_iPhone = "UIInterfaceOrientationPortrait UIInterfaceOrientationLandscapeLeft UIInterfaceOrientationLandscapeRight";
				LD_RUNPATH_SEARCH_PATHS = (
					"$(inherited)",
					"@executable_path/Frameworks",
				);
				MARKETING_VERSION = 1.0;
				PRODUCT_BUNDLE_IDENTIFIER = woodyliu.StandardCombine;
				PRODUCT_NAME = "$(TARGET_NAME)";
				SWIFT_EMIT_LOC_STRINGS = YES;
				SWIFT_VERSION = 5.0;
				TARGETED_DEVICE_FAMILY = "1,2";
			};
			name = Debug;
		};
		EF9067BE279A5BBF003B9E75 /* Release */ = {
			isa = XCBuildConfiguration;
			buildSettings = {
				ASSETCATALOG_COMPILER_APPICON_NAME = AppIcon;
				ASSETCATALOG_COMPILER_GLOBAL_ACCENT_COLOR_NAME = AccentColor;
				CODE_SIGN_STYLE = Automatic;
				CURRENT_PROJECT_VERSION = 1;
				DEVELOPMENT_TEAM = HMB28F9R4H;
				GENERATE_INFOPLIST_FILE = YES;
				INFOPLIST_FILE = StandardCombine/Info.plist;
				INFOPLIST_KEY_UIApplicationSupportsIndirectInputEvents = YES;
				INFOPLIST_KEY_UILaunchStoryboardName = LaunchScreen;
				INFOPLIST_KEY_UIMainStoryboardFile = Main;
				INFOPLIST_KEY_UISupportedInterfaceOrientations_iPad = "UIInterfaceOrientationPortrait UIInterfaceOrientationPortraitUpsideDown UIInterfaceOrientationLandscapeLeft UIInterfaceOrientationLandscapeRight";
				INFOPLIST_KEY_UISupportedInterfaceOrientations_iPhone = "UIInterfaceOrientationPortrait UIInterfaceOrientationLandscapeLeft UIInterfaceOrientationLandscapeRight";
				LD_RUNPATH_SEARCH_PATHS = (
					"$(inherited)",
					"@executable_path/Frameworks",
				);
				MARKETING_VERSION = 1.0;
				PRODUCT_BUNDLE_IDENTIFIER = woodyliu.StandardCombine;
				PRODUCT_NAME = "$(TARGET_NAME)";
				SWIFT_EMIT_LOC_STRINGS = YES;
				SWIFT_VERSION = 5.0;
				TARGETED_DEVICE_FAMILY = "1,2";
			};
			name = Release;
		};
		EF9067C0279A5BBF003B9E75 /* Debug */ = {
			isa = XCBuildConfiguration;
			buildSettings = {
				ALWAYS_EMBED_SWIFT_STANDARD_LIBRARIES = YES;
				BUNDLE_LOADER = "$(TEST_HOST)";
				CODE_SIGN_STYLE = Automatic;
				CURRENT_PROJECT_VERSION = 1;
				DEVELOPMENT_TEAM = HMB28F9R4H;
				GENERATE_INFOPLIST_FILE = YES;
				IPHONEOS_DEPLOYMENT_TARGET = 15.2;
				MARKETING_VERSION = 1.0;
				PRODUCT_BUNDLE_IDENTIFIER = woodyliu.StandardCombineTests;
				PRODUCT_NAME = "$(TARGET_NAME)";
				SWIFT_EMIT_LOC_STRINGS = NO;
				SWIFT_VERSION = 5.0;
				TARGETED_DEVICE_FAMILY = "1,2";
				TEST_HOST = "$(BUILT_PRODUCTS_DIR)/StandardCombine.app/StandardCombine";
			};
			name = Debug;
		};
		EF9067C1279A5BBF003B9E75 /* Release */ = {
			isa = XCBuildConfiguration;
			buildSettings = {
				ALWAYS_EMBED_SWIFT_STANDARD_LIBRARIES = YES;
				BUNDLE_LOADER = "$(TEST_HOST)";
				CODE_SIGN_STYLE = Automatic;
				CURRENT_PROJECT_VERSION = 1;
				DEVELOPMENT_TEAM = HMB28F9R4H;
				GENERATE_INFOPLIST_FILE = YES;
				IPHONEOS_DEPLOYMENT_TARGET = 15.2;
				MARKETING_VERSION = 1.0;
				PRODUCT_BUNDLE_IDENTIFIER = woodyliu.StandardCombineTests;
				PRODUCT_NAME = "$(TARGET_NAME)";
				SWIFT_EMIT_LOC_STRINGS = NO;
				SWIFT_VERSION = 5.0;
				TARGETED_DEVICE_FAMILY = "1,2";
				TEST_HOST = "$(BUILT_PRODUCTS_DIR)/StandardCombine.app/StandardCombine";
			};
			name = Release;
		};
		EF9067C3279A5BBF003B9E75 /* Debug */ = {
			isa = XCBuildConfiguration;
			buildSettings = {
				ALWAYS_EMBED_SWIFT_STANDARD_LIBRARIES = YES;
				CODE_SIGN_STYLE = Automatic;
				CURRENT_PROJECT_VERSION = 1;
				DEVELOPMENT_TEAM = HMB28F9R4H;
				GENERATE_INFOPLIST_FILE = YES;
				MARKETING_VERSION = 1.0;
				PRODUCT_BUNDLE_IDENTIFIER = woodyliu.StandardCombineUITests;
				PRODUCT_NAME = "$(TARGET_NAME)";
				SWIFT_EMIT_LOC_STRINGS = NO;
				SWIFT_VERSION = 5.0;
				TARGETED_DEVICE_FAMILY = "1,2";
				TEST_TARGET_NAME = StandardCombine;
			};
			name = Debug;
		};
		EF9067C4279A5BBF003B9E75 /* Release */ = {
			isa = XCBuildConfiguration;
			buildSettings = {
				ALWAYS_EMBED_SWIFT_STANDARD_LIBRARIES = YES;
				CODE_SIGN_STYLE = Automatic;
				CURRENT_PROJECT_VERSION = 1;
				DEVELOPMENT_TEAM = HMB28F9R4H;
				GENERATE_INFOPLIST_FILE = YES;
				MARKETING_VERSION = 1.0;
				PRODUCT_BUNDLE_IDENTIFIER = woodyliu.StandardCombineUITests;
				PRODUCT_NAME = "$(TARGET_NAME)";
				SWIFT_EMIT_LOC_STRINGS = NO;
				SWIFT_VERSION = 5.0;
				TARGETED_DEVICE_FAMILY = "1,2";
				TEST_TARGET_NAME = StandardCombine;
			};
			name = Release;
		};
/* End XCBuildConfiguration section */

/* Begin XCConfigurationList section */
		EF90678D279A5BBE003B9E75 /* Build configuration list for PBXProject "StandardCombine" */ = {
			isa = XCConfigurationList;
			buildConfigurations = (
				EF9067BA279A5BBF003B9E75 /* Debug */,
				EF9067BB279A5BBF003B9E75 /* Release */,
			);
			defaultConfigurationIsVisible = 0;
			defaultConfigurationName = Release;
		};
		EF9067BC279A5BBF003B9E75 /* Build configuration list for PBXNativeTarget "StandardCombine" */ = {
			isa = XCConfigurationList;
			buildConfigurations = (
				EF9067BD279A5BBF003B9E75 /* Debug */,
				EF9067BE279A5BBF003B9E75 /* Release */,
			);
			defaultConfigurationIsVisible = 0;
			defaultConfigurationName = Release;
		};
		EF9067BF279A5BBF003B9E75 /* Build configuration list for PBXNativeTarget "StandardCombineTests" */ = {
			isa = XCConfigurationList;
			buildConfigurations = (
				EF9067C0279A5BBF003B9E75 /* Debug */,
				EF9067C1279A5BBF003B9E75 /* Release */,
			);
			defaultConfigurationIsVisible = 0;
			defaultConfigurationName = Release;
		};
		EF9067C2279A5BBF003B9E75 /* Build configuration list for PBXNativeTarget "StandardCombineUITests" */ = {
			isa = XCConfigurationList;
			buildConfigurations = (
				EF9067C3279A5BBF003B9E75 /* Debug */,
				EF9067C4279A5BBF003B9E75 /* Release */,
			);
			defaultConfigurationIsVisible = 0;
			defaultConfigurationName = Release;
		};
/* End XCConfigurationList section */
	};
	rootObject = EF90678A279A5BBE003B9E75 /* Project object */;
}
